
Microsoft Visual Studio Solution File, Format Version 12.00
# Visual Studio Version 16
VisualStudioVersion = 16.0.31025.194
MinimumVisualStudioVersion = 10.0.40219.1
Project("{FAE04EC0-301F-11D3-BF4B-00C04F79EFBC}") = "FacebookDemo", "FacebookDemo\FacebookDemo.csproj", "{14903AE3-A2E4-4295-8EA8-F017935A64B0}"
EndProject
Global
	GlobalSection(SolutionConfigurationPlatforms) = preSolution
		Debug|Any CPU = Debug|Any CPU
		Release|Any CPU = Release|Any CPU
	EndGlobalSection
	GlobalSection(ProjectConfigurationPlatforms) = postSolution
		{14903AE3-A2E4-4295-8EA8-F017935A64B0}.Debug|Any CPU.ActiveCfg = Debug|Any CPU
		{14903AE3-A2E4-4295-8EA8-F017935A64B0}.Debug|Any CPU.Build.0 = Debug|Any CPU
		{14903AE3-A2E4-4295-8EA8-F017935A64B0}.Release|Any CPU.ActiveCfg = Release|Any CPU
		{14903AE3-A2E4-4295-8EA8-F017935A64B0}.Release|Any CPU.Build.0 = Release|Any CPU
	EndGlobalSection
	GlobalSection(SolutionProperties) = preSolution
		HideSolutionNode = FALSE
	EndGlobalSection
	GlobalSection(ExtensibilityGlobals) = postSolution
		SolutionGuid = {E1D0E4AF-8678-48FB-A2D5-C06277E6F3FF}
	EndGlobalSection
EndGlobal
